#
# This file is autogenerated by pip-compile with Python 3.14
# by the following command:
#
#    pip-compile --output-file=requirements.lock --strip-extras requirements-build.txt requirements.txt
#
alembic==1.18.5
    # via -r requirements.txt
annotated-doc==0.0.4
    # via fastapi
annotated-types==0.7.0
    # via pydantic
anyio==4.14.1
    # via
    #   httpx
    #   openai
    #   starlette
cbor2==6.1.3
    # via webauthn
certifi==2026.6.17
    # via
    #   httpcore
    #   httpx
    #   requests
cffi==2.1.0
    # via cryptography
charset-normalizer==3.4.9
    # via requests
click==8.4.2
    # via uvicorn
cryptography==49.0.0
    # via
    #   google-auth
    #   pyopenssl
    #   webauthn
defusedxml==0.7.1
    # via -r requirements.txt
distro==1.9.0
    # via openai
fastapi==0.139.0
    # via -r requirements.txt
google-auth==2.55.2
    # via
    #   -r requirements.txt
    #   google-auth-oauthlib
google-auth-oauthlib==1.4.0
    # via -r requirements.txt
greenlet==3.5.3
    # via sqlalchemy
h11==0.16.0
    # via
    #   httpcore
    #   uvicorn
httpcore==1.0.9
    # via httpx
httpx==0.28.1
    # via openai
idna==3.18
    # via
    #   anyio
    #   httpx
    #   requests
itsdangerous==2.2.0
    # via -r requirements.txt
jinja2==3.1.6
    # via -r requirements.txt
jiter==0.16.0
    # via openai
mako==1.3.12
    # via alembic
markupsafe==3.0.3
    # via
    #   jinja2
    #   mako
    #   werkzeug
numpy==2.5.1
    # via
    #   -r requirements.txt
    #   rank-bm25
oauthlib==3.3.1
    # via requests-oauthlib
openai==2.45.0
    # via -r requirements.txt
packaging==26.2
    # via
    #   -r requirements-build.txt
    #   wheel
psycopg2-binary==2.9.12
    # via -r requirements.txt
pyasn1==0.6.4
    # via
    #   pyasn1-modules
    #   webauthn
pyasn1-modules==0.4.2
    # via
    #   google-auth
    #   webauthn
pycparser==3.0
    # via cffi
pydantic==2.13.4
    # via
    #   fastapi
    #   openai
pydantic-core==2.46.4
    # via pydantic
pyopenssl==26.3.0
    # via webauthn
pypdf==6.14.2
    # via -r requirements.txt
python-dotenv==1.2.2
    # via -r requirements.txt
python-multipart==0.0.32
    # via -r requirements.txt
rank-bm25==0.2.2
    # via -r requirements.txt
redis==8.0.1
    # via -r requirements.txt
requests==2.34.2
    # via
    #   -r requirements.txt
    #   requests-oauthlib
requests-oauthlib==2.0.0
    # via google-auth-oauthlib
sniffio==1.3.1
    # via openai
sqlalchemy==2.0.51
    # via
    #   -r requirements.txt
    #   alembic
starlette==1.3.1
    # via fastapi
tqdm==4.68.4
    # via openai
typing-extensions==4.16.0
    # via
    #   alembic
    #   fastapi
    #   openai
    #   pydantic
    #   pydantic-core
    #   sqlalchemy
    #   typing-inspection
typing-inspection==0.4.2
    # via
    #   fastapi
    #   pydantic
urllib3==2.7.0
    # via requests
uvicorn==0.51.0
    # via -r requirements.txt
webauthn==3.0.0
    # via -r requirements.txt
werkzeug==3.1.8
    # via -r requirements.txt
wheel==0.47.0
    # via -r requirements-build.txt

# The following packages are considered to be unsafe in a requirements file:
# pip
# setuptools
